{
    "name": "helicone-router",
    "version": "0.1.0",
    "lockfileVersion": 3,
    "requires": true,
    "packages": {
        "": {
            "name": "helicone-router",
            "version": "0.1.0",
            "license": "MIT",
            "os": [
                "darwin",
                "linux"
            ],
            "bin": {
                "helicone-router": "bin/index.js"
            },
            "engines": {
                "node": ">=16"
            }
        }
    }
}
